Microsoft Visual Studio Solution File, Format Version 12.00
# Visual Studio 15
VisualStudioVersion = 15.0.28307.106
MinimumVisualStudioVersion = 10.0.40219.1
Project("{9A19103F-16F7-4668-BE54-9A1E7A4F7556}") = "BoilerDemo_THL_RA_R1", "BoilerDemo_THL_RA_R1.csproj", "{42B495DF-DC87-A372-BB4B-E01E0161CA23}"
EndProject
Global
    GlobalSection(SolutionConfigurationPlatforms) = preSolution
        Debug|Any CPU = Debug|Any CPU
        Release|Any CPU = Release|Any CPU
    EndGlobalSection
    GlobalSection(ProjectConfigurationPlatforms) = postSolution
        {42B495DF-DC87-A372-BB4B-E01E0161CA23}.Debug|Any CPU.ActiveCfg = Debug|Any CPU
        {42B495DF-DC87-A372-BB4B-E01E0161CA23}.Debug|Any CPU.Build.0 = Debug|Any CPU
        {42B495DF-DC87-A372-BB4B-E01E0161CA23}.Release|Any CPU.ActiveCfg = Release|Any CPU
        {42B495DF-DC87-A372-BB4B-E01E0161CA23}.Release|Any CPU.Build.0 = Release|Any CPU
    EndGlobalSection
    GlobalSection(SolutionProperties) = preSolution
        HideSolutionNode = FALSE
    EndGlobalSection
EndGlobal
